# This file is autogenerated, do not edit; changes may be undone by the next 'dep ensure'.


[[projects]]
  name = "github.com/aws/aws-lambda-go"
  packages = ["lambda","lambda/messages","lambdacontext"]
  revision = "6e2e37798efbb1dfd8e9c6681702e683a6046517"
  version = "v1.0.1"

[[projects]]
  name = "github.com/aws/aws-sdk-go"
  packages = ["aws","aws/awserr","aws/awsutil","aws/client","aws/client/metadata","aws/corehandlers","aws/credentials","aws/credentials/ec2rolecreds","aws/credentials/endpointcreds","aws/credentials/stscreds","aws/defaults","aws/ec2metadata","aws/endpoints","aws/request","aws/session","aws/signer/v4","internal/shareddefaults","private/protocol","private/protocol/json/jsonutil","private/protocol/jsonrpc","private/protocol/query","private/protocol/query/queryutil","private/protocol/rest","private/protocol/restxml","private/protocol/xml/xmlutil","service/rekognition","service/s3","service/s3/s3iface","service/s3/s3manager","service/ses","service/sts"]
  revision = "b0e76431638de15ec1e6be51b6f745e1f2134fde"
  version = "v1.12.63"

[[projects]]
  name = "github.com/disintegration/gift"
  packages = ["."]
  revision = "6844aa0778953d7137510a1c74f686ae0e556600"
  version = "v1.1.2"

[[projects]]
  name = "github.com/go-ini/ini"
  packages = ["."]
  revision = "32e4c1e6bc4e7d0d8451aa6b75200d19e37a536a"
  version = "v1.32.0"

[[projects]]
  name = "github.com/jmespath/go-jmespath"
  packages = ["."]
  revision = "0b12d6b5"

[solve-meta]
  analyzer-name = "dep"
  analyzer-version = 1
  inputs-digest = "50e517f435039347fe4cd9757ad9a50fe7ecff3035319bad8b354c496e9db1b1"
  solver-name = "gps-cdcl"
  solver-version = 1
